// !$*UTF8*$!
{
	archiveVersion = 1;
	classes = {
	};
	objectVersion = 55;
	objects = {

/* Begin PBXBuildFile section */
		26866C5D29724D5D00556302 /* todolistbyvoiceApp.swift in Sources */ = {isa = PBXBuildFile; fileRef = 26866C5C29724D5D00556302 /* todolistbyvoiceApp.swift */; };
		26866C5F29724D5D00556302 /* ContentView.swift in Sources */ = {isa = PBXBuildFile; fileRef = 26866C5E29724D5D00556302 /* ContentView.swift */; };
		26866C6129724D6400556302 /* Assets.xcassets in Resources */ = {isa = PBXBuildFile; fileRef = 26866C6029724D6400556302 /* Assets.xcassets */; };
		26866C6429724D6400556302 /* Preview Assets.xcassets in Resources */ = {isa = PBXBuildFile; fileRef = 26866C6329724D6400556302 /* Preview Assets.xcassets */; };
		26866C6F29724D6400556302 /* todolistbyvoiceTests.swift in Sources */ = {isa = PBXBuildFile; fileRef = 26866C6E29724D6400556302 /* todolistbyvoiceTests.swift */; };
		26866C7929724D6400556302 /* todolistbyvoiceUITests.swift in Sources */ = {isa = PBXBuildFile; fileRef = 26866C7829724D6400556302 /* todolistbyvoiceUITests.swift */; };
		26866C7B29724D6400556302 /* todolistbyvoiceUITestsLaunchTests.swift in Sources */ = {isa = PBXBuildFile; fileRef = 26866C7A29724D6400556302 /* todolistbyvoiceUITestsLaunchTests.swift */; };
		26866C8E2972522E00556302 /* SwiftUI.framework in Frameworks */ = {isa = PBXBuildFile; fileRef = 26866C8D2972522E00556302 /* SwiftUI.framework */; };
		26866C8F2972545B00556302 /* AppKit.framework in Frameworks */ = {isa = PBXBuildFile; fileRef = 26866C8B297251D600556302 /* AppKit.framework */; };
		26866C9129726B8900556302 /* AudioRecorder.swift in Sources */ = {isa = PBXBuildFile; fileRef = 26866C9029726B8900556302 /* AudioRecorder.swift */; };
		26E7674C2972E43300D51004 /* TaskView.swift in Sources */ = {isa = PBXBuildFile; fileRef = 26E7674B2972E43300D51004 /* TaskView.swift */; };
		26E7674E2972E8D000D51004 /* TaskViewModel.swift in Sources */ = {isa = PBXBuildFile; fileRef = 26E7674D2972E8D000D51004 /* TaskViewModel.swift */; };
		26E767512972E90800D51004 /* TaskDAO.swift in Sources */ = {isa = PBXBuildFile; fileRef = 26E767502972E90800D51004 /* TaskDAO.swift */; };
		26E767532972E91900D51004 /* Task.swift in Sources */ = {isa = PBXBuildFile; fileRef = 26E767522972E91900D51004 /* Task.swift */; };
		26E767552972EB7D00D51004 /* SQLiteHelper.swift in Sources */ = {isa = PBXBuildFile; fileRef = 26E767542972EB7D00D51004 /* SQLiteHelper.swift */; };
		26E7675A2972EF1E00D51004 /* libsqlite3.tbd in Frameworks */ = {isa = PBXBuildFile; fileRef = 26E767592972EECC00D51004 /* libsqlite3.tbd */; };
		26E7675B2972EF2500D51004 /* libsqlite3.0.tbd in Frameworks */ = {isa = PBXBuildFile; fileRef = 26E767582972EECC00D51004 /* libsqlite3.0.tbd */; };
		26E7675D297303A400D51004 /* ListTaskView.swift in Sources */ = {isa = PBXBuildFile; fileRef = 26E7675C297303A400D51004 /* ListTaskView.swift */; };
		26E7675F2973063100D51004 /* ListTaskViewModel.swift in Sources */ = {isa = PBXBuildFile; fileRef = 26E7675E2973063100D51004 /* ListTaskViewModel.swift */; };
		26E767612973085800D51004 /* AddTaskView.swift in Sources */ = {isa = PBXBuildFile; fileRef = 26E767602973085800D51004 /* AddTaskView.swift */; };
		26E76763297308D800D51004 /* AddTaskViewModel.swift in Sources */ = {isa = PBXBuildFile; fileRef = 26E76762297308D800D51004 /* AddTaskViewModel.swift */; };
		26E767652974519600D51004 /* CardView.swift in Sources */ = {isa = PBXBuildFile; fileRef = 26E767642974519500D51004 /* CardView.swift */; };
/* End PBXBuildFile section */

/* Begin PBXContainerItemProxy section */
		26866C6B29724D6400556302 /* PBXContainerItemProxy */ = {
			isa = PBXContainerItemProxy;
			containerPortal = 26866C5129724D5D00556302 /* Project object */;
			proxyType = 1;
			remoteGlobalIDString = 26866C5829724D5D00556302;
			remoteInfo = todolistbyvoice;
		};
		26866C7529724D6400556302 /* PBXContainerItemProxy */ = {
			isa = PBXContainerItemProxy;
			containerPortal = 26866C5129724D5D00556302 /* Project object */;
			proxyType = 1;
			remoteGlobalIDString = 26866C5829724D5D00556302;
			remoteInfo = todolistbyvoice;
		};
/* End PBXContainerItemProxy section */

/* Begin PBXFileReference section */
		26866C5929724D5D00556302 /* todolistbyvoice.app */ = {isa = PBXFileReference; explicitFileType = wrapper.application; includeInIndex = 0; path = todolistbyvoice.app; sourceTree = BUILT_PRODUCTS_DIR; };
		26866C5C29724D5D00556302 /* todolistbyvoiceApp.swift */ = {isa = PBXFileReference; lastKnownFileType = sourcecode.swift; path = todolistbyvoiceApp.swift; sourceTree = "<group>"; };
		26866C5E29724D5D00556302 /* ContentView.swift */ = {isa = PBXFileReference; lastKnownFileType = sourcecode.swift; path = ContentView.swift; sourceTree = "<group>"; };
		26866C6029724D6400556302 /* Assets.xcassets */ = {isa = PBXFileReference; lastKnownFileType = folder.assetcatalog; path = Assets.xcassets; sourceTree = "<group>"; };
		26866C6329724D6400556302 /* Preview Assets.xcassets */ = {isa = PBXFileReference; lastKnownFileType = folder.assetcatalog; path = "Preview Assets.xcassets"; sourceTree = "<group>"; };
		26866C6529724D6400556302 /* todolistbyvoice.entitlements */ = {isa = PBXFileReference; lastKnownFileType = text.plist.entitlements; path = todolistbyvoice.entitlements; sourceTree = "<group>"; };
		26866C6A29724D6400556302 /* todolistbyvoiceTests.xctest */ = {isa = PBXFileReference; explicitFileType = wrapper.cfbundle; includeInIndex = 0; path = todolistbyvoiceTests.xctest; sourceTree = BUILT_PRODUCTS_DIR; };
		26866C6E29724D6400556302 /* todolistbyvoiceTests.swift */ = {isa = PBXFileReference; lastKnownFileType = sourcecode.swift; path = todolistbyvoiceTests.swift; sourceTree = "<group>"; };
		26866C7429724D6400556302 /* todolistbyvoiceUITests.xctest */ = {isa = PBXFileReference; explicitFileType = wrapper.cfbundle; includeInIndex = 0; path = todolistbyvoiceUITests.xctest; sourceTree = BUILT_PRODUCTS_DIR; };
		26866C7829724D6400556302 /* todolistbyvoiceUITests.swift */ = {isa = PBXFileReference; lastKnownFileType = sourcecode.swift; path = todolistbyvoiceUITests.swift; sourceTree = "<group>"; };
		26866C7A29724D6400556302 /* todolistbyvoiceUITestsLaunchTests.swift */ = {isa = PBXFileReference; lastKnownFileType = sourcecode.swift; path = todolistbyvoiceUITestsLaunchTests.swift; sourceTree = "<group>"; };
		26866C8B297251D600556302 /* AppKit.framework */ = {isa = PBXFileReference; lastKnownFileType = wrapper.framework; name = AppKit.framework; path = System/Library/Frameworks/AppKit.framework; sourceTree = SDKROOT; };
		26866C8D2972522E00556302 /* SwiftUI.framework */ = {isa = PBXFileReference; lastKnownFileType = wrapper.framework; name = SwiftUI.framework; path = System/Library/Frameworks/SwiftUI.framework; sourceTree = SDKROOT; };
		26866C9029726B8900556302 /* AudioRecorder.swift */ = {isa = PBXFileReference; lastKnownFileType = sourcecode.swift; path = AudioRecorder.swift; sourceTree = "<group>"; };
		26866C922972748C00556302 /* Info.plist */ = {isa = PBXFileReference; lastKnownFileType = text.plist; path = Info.plist; sourceTree = "<group>"; };
		26E7674B2972E43300D51004 /* TaskView.swift */ = {isa = PBXFileReference; lastKnownFileType = sourcecode.swift; path = TaskView.swift; sourceTree = "<group>"; };
		26E7674D2972E8D000D51004 /* TaskViewModel.swift */ = {isa = PBXFileReference; lastKnownFileType = sourcecode.swift; path = TaskViewModel.swift; sourceTree = "<group>"; };
		26E767502972E90800D51004 /* TaskDAO.swift */ = {isa = PBXFileReference; lastKnownFileType = sourcecode.swift; path = TaskDAO.swift; sourceTree = "<group>"; };
		26E767522972E91900D51004 /* Task.swift */ = {isa = PBXFileReference; lastKnownFileType = sourcecode.swift; path = Task.swift; sourceTree = "<group>"; };
		26E767542972EB7D00D51004 /* SQLiteHelper.swift */ = {isa = PBXFileReference; lastKnownFileType = sourcecode.swift; path = SQLiteHelper.swift; sourceTree = "<group>"; };
		26E767582972EECC00D51004 /* libsqlite3.0.tbd */ = {isa = PBXFileReference; lastKnownFileType = "sourcecode.text-based-dylib-definition"; name = libsqlite3.0.tbd; path = usr/lib/libsqlite3.0.tbd; sourceTree = SDKROOT; };
		26E767592972EECC00D51004 /* libsqlite3.tbd */ = {isa = PBXFileReference; lastKnownFileType = "sourcecode.text-based-dylib-definition"; name = libsqlite3.tbd; path = usr/lib/libsqlite3.tbd; sourceTree = SDKROOT; };
		26E7675C297303A400D51004 /* ListTaskView.swift */ = {isa = PBXFileReference; lastKnownFileType = sourcecode.swift; path = ListTaskView.swift; sourceTree = "<group>"; };
		26E7675E2973063100D51004 /* ListTaskViewModel.swift */ = {isa = PBXFileReference; lastKnownFileType = sourcecode.swift; path = ListTaskViewModel.swift; sourceTree = "<group>"; };
		26E767602973085800D51004 /* AddTaskView.swift */ = {isa = PBXFileReference; lastKnownFileType = sourcecode.swift; path = AddTaskView.swift; sourceTree = "<group>"; };
		26E76762297308D800D51004 /* AddTaskViewModel.swift */ = {isa = PBXFileReference; lastKnownFileType = sourcecode.swift; path = AddTaskViewModel.swift; sourceTree = "<group>"; };
		26E767642974519500D51004 /* CardView.swift */ = {isa = PBXFileReference; lastKnownFileType = sourcecode.swift; path = CardView.swift; sourceTree = "<group>"; };
/* End PBXFileReference section */

/* Begin PBXFrameworksBuildPhase section */
		26866C5629724D5D00556302 /* Frameworks */ = {
			isa = PBXFrameworksBuildPhase;
			buildActionMask = 2147483647;
			files = (
				26E7675A2972EF1E00D51004 /* libsqlite3.tbd in Frameworks */,
				26866C8F2972545B00556302 /* AppKit.framework in Frameworks */,
				26E7675B2972EF2500D51004 /* libsqlite3.0.tbd in Frameworks */,
				26866C8E2972522E00556302 /* SwiftUI.framework in Frameworks */,
			);
			runOnlyForDeploymentPostprocessing = 0;
		};
		26866C6729724D6400556302 /* Frameworks */ = {
			isa = PBXFrameworksBuildPhase;
			buildActionMask = 2147483647;
			files = (
			);
			runOnlyForDeploymentPostprocessing = 0;
		};
		26866C7129724D6400556302 /* Frameworks */ = {
			isa = PBXFrameworksBuildPhase;
			buildActionMask = 2147483647;
			files = (
			);
			runOnlyForDeploymentPostprocessing = 0;
		};
/* End PBXFrameworksBuildPhase section */

/* Begin PBXGroup section */
		26866C5029724D5D00556302 = {
			isa = PBXGroup;
			children = (
				26866C5B29724D5D00556302 /* todolistbyvoice */,
				26866C6D29724D6400556302 /* todolistbyvoiceTests */,
				26866C7729724D6400556302 /* todolistbyvoiceUITests */,
				26866C5A29724D5D00556302 /* Products */,
				26866C8A297251D600556302 /* Frameworks */,
			);
			sourceTree = "<group>";
		};
		26866C5A29724D5D00556302 /* Products */ = {
			isa = PBXGroup;
			children = (
				26866C5929724D5D00556302 /* todolistbyvoice.app */,
				26866C6A29724D6400556302 /* todolistbyvoiceTests.xctest */,
				26866C7429724D6400556302 /* todolistbyvoiceUITests.xctest */,
			);
			name = Products;
			sourceTree = "<group>";
		};
		26866C5B29724D5D00556302 /* todolistbyvoice */ = {
			isa = PBXGroup;
			children = (
				26E7674F2972E8F700D51004 /* DAO */,
				26E7674A2972E1D800D51004 /* Utils */,
				26E767492972E13700D51004 /* Models */,
				26E767482972E12E00D51004 /* Database */,
				26E767462972E10800D51004 /* ViewModels */,
				26E767452972E0FA00D51004 /* Views */,
				26866C922972748C00556302 /* Info.plist */,
				26866C5C29724D5D00556302 /* todolistbyvoiceApp.swift */,
				26866C6029724D6400556302 /* Assets.xcassets */,
				26866C6529724D6400556302 /* todolistbyvoice.entitlements */,
				26866C6229724D6400556302 /* Preview Content */,
			);
			path = todolistbyvoice;
			sourceTree = "<group>";
		};
		26866C6229724D6400556302 /* Preview Content */ = {
			isa = PBXGroup;
			children = (
				26866C6329724D6400556302 /* Preview Assets.xcassets */,
			);
			path = "Preview Content";
			sourceTree = "<group>";
		};
		26866C6D29724D6400556302 /* todolistbyvoiceTests */ = {
			isa = PBXGroup;
			children = (
				26866C6E29724D6400556302 /* todolistbyvoiceTests.swift */,
			);
			path = todolistbyvoiceTests;
			sourceTree = "<group>";
		};
		26866C7729724D6400556302 /* todolistbyvoiceUITests */ = {
			isa = PBXGroup;
			children = (
				26866C7829724D6400556302 /* todolistbyvoiceUITests.swift */,
				26866C7A29724D6400556302 /* todolistbyvoiceUITestsLaunchTests.swift */,
			);
			path = todolistbyvoiceUITests;
			sourceTree = "<group>";
		};
		26866C8A297251D600556302 /* Frameworks */ = {
			isa = PBXGroup;
			children = (
				26E767582972EECC00D51004 /* libsqlite3.0.tbd */,
				26E767592972EECC00D51004 /* libsqlite3.tbd */,
				26866C8D2972522E00556302 /* SwiftUI.framework */,
				26866C8B297251D600556302 /* AppKit.framework */,
			);
			name = Frameworks;
			sourceTree = "<group>";
		};
		26E767452972E0FA00D51004 /* Views */ = {
			isa = PBXGroup;
			children = (
				26866C5E29724D5D00556302 /* ContentView.swift */,
				26E7674B2972E43300D51004 /* TaskView.swift */,
				26E7675C297303A400D51004 /* ListTaskView.swift */,
				26E767602973085800D51004 /* AddTaskView.swift */,
				26E767642974519500D51004 /* CardView.swift */,
			);
			path = Views;
			sourceTree = "<group>";
		};
		26E767462972E10800D51004 /* ViewModels */ = {
			isa = PBXGroup;
			children = (
				26E7674D2972E8D000D51004 /* TaskViewModel.swift */,
				26E7675E2973063100D51004 /* ListTaskViewModel.swift */,
				26E76762297308D800D51004 /* AddTaskViewModel.swift */,
			);
			path = ViewModels;
			sourceTree = "<group>";
		};
		26E767482972E12E00D51004 /* Database */ = {
			isa = PBXGroup;
			children = (
				26E767542972EB7D00D51004 /* SQLiteHelper.swift */,
			);
			path = Database;
			sourceTree = "<group>";
		};
		26E767492972E13700D51004 /* Models */ = {
			isa = PBXGroup;
			children = (
				26E767522972E91900D51004 /* Task.swift */,
			);
			path = Models;
			sourceTree = "<group>";
		};
		26E7674A2972E1D800D51004 /* Utils */ = {
			isa = PBXGroup;
			children = (
				26866C9029726B8900556302 /* AudioRecorder.swift */,
			);
			path = Utils;
			sourceTree = "<group>";
		};
		26E7674F2972E8F700D51004 /* DAO */ = {
			isa = PBXGroup;
			children = (
				26E767502972E90800D51004 /* TaskDAO.swift */,
			);
			path = DAO;
			sourceTree = "<group>";
		};
/* End PBXGroup section */

/* Begin PBXNativeTarget section */
		26866C5829724D5D00556302 /* todolistbyvoice */ = {
			isa = PBXNativeTarget;
			buildConfigurationList = 26866C7E29724D6400556302 /* Build configuration list for PBXNativeTarget "todolistbyvoice" */;
			buildPhases = (
				26866C5529724D5D00556302 /* Sources */,
				26866C5629724D5D00556302 /* Frameworks */,
				26866C5729724D5D00556302 /* Resources */,
			);
			buildRules = (
			);
			dependencies = (
			);
			name = todolistbyvoice;
			productName = todolistbyvoice;
			productReference = 26866C5929724D5D00556302 /* todolistbyvoice.app */;
			productType = "com.apple.product-type.application";
		};
		26866C6929724D6400556302 /* todolistbyvoiceTests */ = {
			isa = PBXNativeTarget;
			buildConfigurationList = 26866C8129724D6400556302 /* Build configuration list for PBXNativeTarget "todolistbyvoiceTests" */;
			buildPhases = (
				26866C6629724D6400556302 /* Sources */,
				26866C6729724D6400556302 /* Frameworks */,
				26866C6829724D6400556302 /* Resources */,
			);
			buildRules = (
			);
			dependencies = (
				26866C6C29724D6400556302 /* PBXTargetDependency */,
			);
			name = todolistbyvoiceTests;
			productName = todolistbyvoiceTests;
			productReference = 26866C6A29724D6400556302 /* todolistbyvoiceTests.xctest */;
			productType = "com.apple.product-type.bundle.unit-test";
		};
		26866C7329724D6400556302 /* todolistbyvoiceUITests */ = {
			isa = PBXNativeTarget;
			buildConfigurationList = 26866C8429724D6400556302 /* Build configuration list for PBXNativeTarget "todolistbyvoiceUITests" */;
			buildPhases = (
				26866C7029724D6400556302 /* Sources */,
				26866C7129724D6400556302 /* Frameworks */,
				26866C7229724D6400556302 /* Resources */,
			);
			buildRules = (
			);
			dependencies = (
				26866C7629724D6400556302 /* PBXTargetDependency */,
			);
			name = todolistbyvoiceUITests;
			productName = todolistbyvoiceUITests;
			productReference = 26866C7429724D6400556302 /* todolistbyvoiceUITests.xctest */;
			productType = "com.apple.product-type.bundle.ui-testing";
		};
/* End PBXNativeTarget section */

/* Begin PBXProject section */
		26866C5129724D5D00556302 /* Project object */ = {
			isa = PBXProject;
			attributes = {
				BuildIndependentTargetsInParallel = 1;
				LastSwiftUpdateCheck = 1340;
				LastUpgradeCheck = 1340;
				TargetAttributes = {
					26866C5829724D5D00556302 = {
						CreatedOnToolsVersion = 13.4.1;
					};
					26866C6929724D6400556302 = {
						CreatedOnToolsVersion = 13.4.1;
						TestTargetID = 26866C5829724D5D00556302;
					};
					26866C7329724D6400556302 = {
						CreatedOnToolsVersion = 13.4.1;
						TestTargetID = 26866C5829724D5D00556302;
					};
				};
			};
			buildConfigurationList = 26866C5429724D5D00556302 /* Build configuration list for PBXProject "todolistbyvoice" */;
			compatibilityVersion = "Xcode 13.0";
			developmentRegion = en;
			hasScannedForEncodings = 0;
			knownRegions = (
				en,
				Base,
			);
			mainGroup = 26866C5029724D5D00556302;
			productRefGroup = 26866C5A29724D5D00556302 /* Products */;
			projectDirPath = "";
			projectRoot = "";
			targets = (
				26866C5829724D5D00556302 /* todolistbyvoice */,
				26866C6929724D6400556302 /* todolistbyvoiceTests */,
				26866C7329724D6400556302 /* todolistbyvoiceUITests */,
			);
		};
/* End PBXProject section */

/* Begin PBXResourcesBuildPhase section */
		26866C5729724D5D00556302 /* Resources */ = {
			isa = PBXResourcesBuildPhase;
			buildActionMask = 2147483647;
			files = (
				26866C6429724D6400556302 /* Preview Assets.xcassets in Resources */,
				26866C6129724D6400556302 /* Assets.xcassets in Resources */,
			);
			runOnlyForDeploymentPostprocessing = 0;
		};
		26866C6829724D6400556302 /* Resources */ = {
			isa = PBXResourcesBuildPhase;
			buildActionMask = 2147483647;
			files = (
			);
			runOnlyForDeploymentPostprocessing = 0;
		};
		26866C7229724D6400556302 /* Resources */ = {
			isa = PBXResourcesBuildPhase;
			buildActionMask = 2147483647;
			files = (
			);
			runOnlyForDeploymentPostprocessing = 0;
		};
/* End PBXResourcesBuildPhase section */

/* Begin PBXSourcesBuildPhase section */
		26866C5529724D5D00556302 /* Sources */ = {
			isa = PBXSourcesBuildPhase;
			buildActionMask = 2147483647;
			files = (
				26E767612973085800D51004 /* AddTaskView.swift in Sources */,
				26E76763297308D800D51004 /* AddTaskViewModel.swift in Sources */,
				26866C9129726B8900556302 /* AudioRecorder.swift in Sources */,
				26E7675F2973063100D51004 /* ListTaskViewModel.swift in Sources */,
				26E7675D297303A400D51004 /* ListTaskView.swift in Sources */,
				26E767512972E90800D51004 /* TaskDAO.swift in Sources */,
				26866C5F29724D5D00556302 /* ContentView.swift in Sources */,
				26E767652974519600D51004 /* CardView.swift in Sources */,
				26866C5D29724D5D00556302 /* todolistbyvoiceApp.swift in Sources */,
				26E7674E2972E8D000D51004 /* TaskViewModel.swift in Sources */,
				26E767532972E91900D51004 /* Task.swift in Sources */,
				26E7674C2972E43300D51004 /* TaskView.swift in Sources */,
				26E767552972EB7D00D51004 /* SQLiteHelper.swift in Sources */,
			);
			runOnlyForDeploymentPostprocessing = 0;
		};
		26866C6629724D6400556302 /* Sources */ = {
			isa = PBXSourcesBuildPhase;
			buildActionMask = 2147483647;
			files = (
				26866C6F29724D6400556302 /* todolistbyvoiceTests.swift in Sources */,
			);
			runOnlyForDeploymentPostprocessing = 0;
		};
		26866C7029724D6400556302 /* Sources */ = {
			isa = PBXSourcesBuildPhase;
			buildActionMask = 2147483647;
			files = (
				26866C7B29724D6400556302 /* todolistbyvoiceUITestsLaunchTests.swift in Sources */,
				26866C7929724D6400556302 /* todolistbyvoiceUITests.swift in Sources */,
			);
			runOnlyForDeploymentPostprocessing = 0;
		};
/* End PBXSourcesBuildPhase section */

/* Begin PBXTargetDependency section */
		26866C6C29724D6400556302 /* PBXTargetDependency */ = {
			isa = PBXTargetDependency;
			target = 26866C5829724D5D00556302 /* todolistbyvoice */;
			targetProxy = 26866C6B29724D6400556302 /* PBXContainerItemProxy */;
		};
		26866C7629724D6400556302 /* PBXTargetDependency */ = {
			isa = PBXTargetDependency;
			target = 26866C5829724D5D00556302 /* todolistbyvoice */;
			targetProxy = 26866C7529724D6400556302 /* PBXContainerItemProxy */;
		};
/* End PBXTargetDependency section */

/* Begin XCBuildConfiguration section */
		26866C7C29724D6400556302 /* Debug */ = {
			isa = XCBuildConfiguration;
			buildSettings = {
				ALWAYS_SEARCH_USER_PATHS = NO;
				CLANG_ANALYZER_NONNULL = YES;
				CLANG_ANALYZER_NUMBER_OBJECT_CONVERSION = YES_AGGRESSIVE;
				CLANG_CXX_LANGUAGE_STANDARD = "gnu++17";
				CLANG_ENABLE_MODULES = YES;
				CLANG_ENABLE_OBJC_ARC = YES;
				CLANG_ENABLE_OBJC_WEAK = YES;
				CLANG_WARN_BLOCK_CAPTURE_AUTORELEASING = YES;
				CLANG_WARN_BOOL_CONVERSION = YES;
				CLANG_WARN_COMMA = YES;
				CLANG_WARN_CONSTANT_CONVERSION = YES;
				CLANG_WARN_DEPRECATED_OBJC_IMPLEMENTATIONS = YES;
				CLANG_WARN_DIRECT_OBJC_ISA_USAGE = YES_ERROR;
				CLANG_WARN_DOCUMENTATION_COMMENTS = YES;
				CLANG_WARN_EMPTY_BODY = YES;
				CLANG_WARN_ENUM_CONVERSION = YES;
				CLANG_WARN_INFINITE_RECURSION = YES;
				CLANG_WARN_INT_CONVERSION = YES;
				CLANG_WARN_NON_LITERAL_NULL_CONVERSION = YES;
				CLANG_WARN_OBJC_IMPLICIT_RETAIN_SELF = YES;
				CLANG_WARN_OBJC_LITERAL_CONVERSION = YES;
				CLANG_WARN_OBJC_ROOT_CLASS = YES_ERROR;
				CLANG_WARN_QUOTED_INCLUDE_IN_FRAMEWORK_HEADER = YES;
				CLANG_WARN_RANGE_LOOP_ANALYSIS = YES;
				CLANG_WARN_STRICT_PROTOTYPES = YES;
				CLANG_WARN_SUSPICIOUS_MOVE = YES;
				CLANG_WARN_UNGUARDED_AVAILABILITY = YES_AGGRESSIVE;
				CLANG_WARN_UNREACHABLE_CODE = YES;
				CLANG_WARN__DUPLICATE_METHOD_MATCH = YES;
				COPY_PHASE_STRIP = NO;
				DEBUG_INFORMATION_FORMAT = dwarf;
				ENABLE_STRICT_OBJC_MSGSEND = YES;
				ENABLE_TESTABILITY = YES;
				GCC_C_LANGUAGE_STANDARD = gnu11;
				GCC_DYNAMIC_NO_PIC = NO;
				GCC_NO_COMMON_BLOCKS = YES;
				GCC_OPTIMIZATION_LEVEL = 0;
				GCC_PREPROCESSOR_DEFINITIONS = (
					"DEBUG=1",
					"$(inherited)",
				);
				GCC_WARN_64_TO_32_BIT_CONVERSION = YES;
				GCC_WARN_ABOUT_RETURN_TYPE = YES_ERROR;
				GCC_WARN_UNDECLARED_SELECTOR = YES;
				GCC_WARN_UNINITIALIZED_AUTOS = YES_AGGRESSIVE;
				GCC_WARN_UNUSED_FUNCTION = YES;
				GCC_WARN_UNUSED_VARIABLE = YES;
				MACOSX_DEPLOYMENT_TARGET = 12.3;
				MTL_ENABLE_DEBUG_INFO = INCLUDE_SOURCE;
				MTL_FAST_MATH = YES;
				ONLY_ACTIVE_ARCH = YES;
				SDKROOT = macosx;
				SWIFT_ACTIVE_COMPILATION_CONDITIONS = DEBUG;
				SWIFT_OPTIMIZATION_LEVEL = "-Onone";
			};
			name = Debug;
		};
		26866C7D29724D6400556302 /* Release */ = {
			isa = XCBuildConfiguration;
			buildSettings = {
				ALWAYS_SEARCH_USER_PATHS = NO;
				CLANG_ANALYZER_NONNULL = YES;
				CLANG_ANALYZER_NUMBER_OBJECT_CONVERSION = YES_AGGRESSIVE;
				CLANG_CXX_LANGUAGE_STANDARD = "gnu++17";
				CLANG_ENABLE_MODULES = YES;
				CLANG_ENABLE_OBJC_ARC = YES;
				CLANG_ENABLE_OBJC_WEAK = YES;
				CLANG_WARN_BLOCK_CAPTURE_AUTORELEASING = YES;
				CLANG_WARN_BOOL_CONVERSION = YES;
				CLANG_WARN_COMMA = YES;
				CLANG_WARN_CONSTANT_CONVERSION = YES;
				CLANG_WARN_DEPRECATED_OBJC_IMPLEMENTATIONS = YES;
				CLANG_WARN_DIRECT_OBJC_ISA_USAGE = YES_ERROR;
				CLANG_WARN_DOCUMENTATION_COMMENTS = YES;
				CLANG_WARN_EMPTY_BODY = YES;
				CLANG_WARN_ENUM_CONVERSION = YES;
				CLANG_WARN_INFINITE_RECURSION = YES;
				CLANG_WARN_INT_CONVERSION = YES;
				CLANG_WARN_NON_LITERAL_NULL_CONVERSION = YES;
				CLANG_WARN_OBJC_IMPLICIT_RETAIN_SELF = YES;
				CLANG_WARN_OBJC_LITERAL_CONVERSION = YES;
				CLANG_WARN_OBJC_ROOT_CLASS = YES_ERROR;
				CLANG_WARN_QUOTED_INCLUDE_IN_FRAMEWORK_HEADER = YES;
				CLANG_WARN_RANGE_LOOP_ANALYSIS = YES;
				CLANG_WARN_STRICT_PROTOTYPES = YES;
				CLANG_WARN_SUSPICIOUS_MOVE = YES;
				CLANG_WARN_UNGUARDED_AVAILABILITY = YES_AGGRESSIVE;
				CLANG_WARN_UNREACHABLE_CODE = YES;
				CLANG_WARN__DUPLICATE_METHOD_MATCH = YES;
				COPY_PHASE_STRIP = NO;
				DEBUG_INFORMATION_FORMAT = "dwarf-with-dsym";
				ENABLE_NS_ASSERTIONS = NO;
				ENABLE_STRICT_OBJC_MSGSEND = YES;
				GCC_C_LANGUAGE_STANDARD = gnu11;
				GCC_NO_COMMON_BLOCKS = YES;
				GCC_WARN_64_TO_32_BIT_CONVERSION = YES;
				GCC_WARN_ABOUT_RETURN_TYPE = YES_ERROR;
				GCC_WARN_UNDECLARED_SELECTOR = YES;
				GCC_WARN_UNINITIALIZED_AUTOS = YES_AGGRESSIVE;
				GCC_WARN_UNUSED_FUNCTION = YES;
				GCC_WARN_UNUSED_VARIABLE = YES;
				MACOSX_DEPLOYMENT_TARGET = 12.3;
				MTL_ENABLE_DEBUG_INFO = NO;
				MTL_FAST_MATH = YES;
				SDKROOT = macosx;
				SWIFT_COMPILATION_MODE = wholemodule;
				SWIFT_OPTIMIZATION_LEVEL = "-O";
			};
			name = Release;
		};
		26866C7F29724D6400556302 /* Debug */ = {
			isa = XCBuildConfiguration;
			buildSettings = {
				ASSETCATALOG_COMPILER_APPICON_NAME = AppIcon;
				ASSETCATALOG_COMPILER_GLOBAL_ACCENT_COLOR_NAME = AccentColor;
				CODE_SIGN_ENTITLEMENTS = todolistbyvoice/todolistbyvoice.entitlements;
				CODE_SIGN_STYLE = Automatic;
				COMBINE_HIDPI_IMAGES = YES;
				CURRENT_PROJECT_VERSION = 1;
				DEVELOPMENT_ASSET_PATHS = "\"todolistbyvoice/Preview Content\"";
				DEVELOPMENT_TEAM = 9RX829R5VP;
				ENABLE_HARDENED_RUNTIME = YES;
				ENABLE_PREVIEWS = YES;
				GENERATE_INFOPLIST_FILE = YES;
				INFOPLIST_FILE = todolistbyvoice/Info.plist;
				INFOPLIST_KEY_NSHumanReadableCopyright = "";
				LD_RUNPATH_SEARCH_PATHS = (
					"$(inherited)",
					"@executable_path/../Frameworks",
				);
				MARKETING_VERSION = 1.0;
				PRODUCT_BUNDLE_IDENTIFIER = vivatranslate.todolistbyvoice;
				PRODUCT_NAME = "$(TARGET_NAME)";
				SWIFT_EMIT_LOC_STRINGS = YES;
				SWIFT_VERSION = 5.0;
			};
			name = Debug;
		};
		26866C8029724D6400556302 /* Release */ = {
			isa = XCBuildConfiguration;
			buildSettings = {
				ASSETCATALOG_COMPILER_APPICON_NAME = AppIcon;
				ASSETCATALOG_COMPILER_GLOBAL_ACCENT_COLOR_NAME = AccentColor;
				CODE_SIGN_ENTITLEMENTS = todolistbyvoice/todolistbyvoice.entitlements;
				CODE_SIGN_STYLE = Automatic;
				COMBINE_HIDPI_IMAGES = YES;
				CURRENT_PROJECT_VERSION = 1;
				DEVELOPMENT_ASSET_PATHS = "\"todolistbyvoice/Preview Content\"";
				DEVELOPMENT_TEAM = 9RX829R5VP;
				ENABLE_HARDENED_RUNTIME = YES;
				ENABLE_PREVIEWS = YES;
				GENERATE_INFOPLIST_FILE = YES;
				INFOPLIST_FILE = todolistbyvoice/Info.plist;
				INFOPLIST_KEY_NSHumanReadableCopyright = "";
				LD_RUNPATH_SEARCH_PATHS = (
					"$(inherited)",
					"@executable_path/../Frameworks",
				);
				MARKETING_VERSION = 1.0;
				PRODUCT_BUNDLE_IDENTIFIER = vivatranslate.todolistbyvoice;
				PRODUCT_NAME = "$(TARGET_NAME)";
				SWIFT_EMIT_LOC_STRINGS = YES;
				SWIFT_VERSION = 5.0;
			};
			name = Release;
		};
		26866C8229724D6400556302 /* Debug */ = {
			isa = XCBuildConfiguration;
			buildSettings = {
				ALWAYS_EMBED_SWIFT_STANDARD_LIBRARIES = YES;
				BUNDLE_LOADER = "$(TEST_HOST)";
				CODE_SIGN_STYLE = Automatic;
				CURRENT_PROJECT_VERSION = 1;
				DEVELOPMENT_TEAM = 9RX829R5VP;
				GENERATE_INFOPLIST_FILE = YES;
				MACOSX_DEPLOYMENT_TARGET = 12.3;
				MARKETING_VERSION = 1.0;
				PRODUCT_BUNDLE_IDENTIFIER = vivatranslate.todolistbyvoiceTests;
				PRODUCT_NAME = "$(TARGET_NAME)";
				SWIFT_EMIT_LOC_STRINGS = NO;
				SWIFT_VERSION = 5.0;
				TEST_HOST = "$(BUILT_PRODUCTS_DIR)/todolistbyvoice.app/Contents/MacOS/todolistbyvoice";
			};
			name = Debug;
		};
		26866C8329724D6400556302 /* Release */ = {
			isa = XCBuildConfiguration;
			buildSettings = {
				ALWAYS_EMBED_SWIFT_STANDARD_LIBRARIES = YES;
				BUNDLE_LOADER = "$(TEST_HOST)";
				CODE_SIGN_STYLE = Automatic;
				CURRENT_PROJECT_VERSION = 1;
				DEVELOPMENT_TEAM = 9RX829R5VP;
				GENERATE_INFOPLIST_FILE = YES;
				MACOSX_DEPLOYMENT_TARGET = 12.3;
				MARKETING_VERSION = 1.0;
				PRODUCT_BUNDLE_IDENTIFIER = vivatranslate.todolistbyvoiceTests;
				PRODUCT_NAME = "$(TARGET_NAME)";
				SWIFT_EMIT_LOC_STRINGS = NO;
				SWIFT_VERSION = 5.0;
				TEST_HOST = "$(BUILT_PRODUCTS_DIR)/todolistbyvoice.app/Contents/MacOS/todolistbyvoice";
			};
			name = Release;
		};
		26866C8529724D6400556302 /* Debug */ = {
			isa = XCBuildConfiguration;
			buildSettings = {
				ALWAYS_EMBED_SWIFT_STANDARD_LIBRARIES = YES;
				CODE_SIGN_STYLE = Automatic;
				CURRENT_PROJECT_VERSION = 1;
				DEVELOPMENT_TEAM = 9RX829R5VP;
				GENERATE_INFOPLIST_FILE = YES;
				MARKETING_VERSION = 1.0;
				PRODUCT_BUNDLE_IDENTIFIER = vivatranslate.todolistbyvoiceUITests;
				PRODUCT_NAME = "$(TARGET_NAME)";
				SWIFT_EMIT_LOC_STRINGS = NO;
				SWIFT_VERSION = 5.0;
				TEST_TARGET_NAME = todolistbyvoice;
			};
			name = Debug;
		};
		26866C8629724D6400556302 /* Release */ = {
			isa = XCBuildConfiguration;
			buildSettings = {
				ALWAYS_EMBED_SWIFT_STANDARD_LIBRARIES = YES;
				CODE_SIGN_STYLE = Automatic;
				CURRENT_PROJECT_VERSION = 1;
				DEVELOPMENT_TEAM = 9RX829R5VP;
				GENERATE_INFOPLIST_FILE = YES;
				MARKETING_VERSION = 1.0;
				PRODUCT_BUNDLE_IDENTIFIER = vivatranslate.todolistbyvoiceUITests;
				PRODUCT_NAME = "$(TARGET_NAME)";
				SWIFT_EMIT_LOC_STRINGS = NO;
				SWIFT_VERSION = 5.0;
				TEST_TARGET_NAME = todolistbyvoice;
			};
			name = Release;
		};
/* End XCBuildConfiguration section */

/* Begin XCConfigurationList section */
		26866C5429724D5D00556302 /* Build configuration list for PBXProject "todolistbyvoice" */ = {
			isa = XCConfigurationList;
			buildConfigurations = (
				26866C7C29724D6400556302 /* Debug */,
				26866C7D29724D6400556302 /* Release */,
			);
			defaultConfigurationIsVisible = 0;
			defaultConfigurationName = Release;
		};
		26866C7E29724D6400556302 /* Build configuration list for PBXNativeTarget "todolistbyvoice" */ = {
			isa = XCConfigurationList;
			buildConfigurations = (
				26866C7F29724D6400556302 /* Debug */,
				26866C8029724D6400556302 /* Release */,
			);
			defaultConfigurationIsVisible = 0;
			defaultConfigurationName = Release;
		};
		26866C8129724D6400556302 /* Build configuration list for PBXNativeTarget "todolistbyvoiceTests" */ = {
			isa = XCConfigurationList;
			buildConfigurations = (
				26866C8229724D6400556302 /* Debug */,
				26866C8329724D6400556302 /* Release */,
			);
			defaultConfigurationIsVisible = 0;
			defaultConfigurationName = Release;
		};
		26866C8429724D6400556302 /* Build configuration list for PBXNativeTarget "todolistbyvoiceUITests" */ = {
			isa = XCConfigurationList;
			buildConfigurations = (
				26866C8529724D6400556302 /* Debug */,
				26866C8629724D6400556302 /* Release */,
			);
			defaultConfigurationIsVisible = 0;
			defaultConfigurationName = Release;
		};
/* End XCConfigurationList section */
	};
	rootObject = 26866C5129724D5D00556302 /* Project object */;
}
